// !$*UTF8*$!
{
	archiveVersion = 1;
	classes = {
	};
	objectVersion = 46;
	objects = {

/* Begin PBXBuildFile section */
		49FD0A4E1DCD3DA800B3C285 /* AppDelegate.swift in Sources */ = {isa = PBXBuildFile; fileRef = 49FD0A4D1DCD3DA800B3C285 /* AppDelegate.swift */; };
		49FD0A501DCD3DA800B3C285 /* ViewController.swift in Sources */ = {isa = PBXBuildFile; fileRef = 49FD0A4F1DCD3DA800B3C285 /* ViewController.swift */; };
		49FD0A531DCD3DA800B3C285 /* Main.storyboard in Resources */ = {isa = PBXBuildFile; fileRef = 49FD0A511DCD3DA800B3C285 /* Main.storyboard */; };
		49FD0A551DCD3DA800B3C285 /* Assets.xcassets in Resources */ = {isa = PBXBuildFile; fileRef = 49FD0A541DCD3DA800B3C285 /* Assets.xcassets */; };
		49FD0A581DCD3DA800B3C285 /* LaunchScreen.storyboard in Resources */ = {isa = PBXBuildFile; fileRef = 49FD0A561DCD3DA800B3C285 /* LaunchScreen.storyboard */; };
/* End PBXBuildFile section */

/* Begin PBXFileReference section */
		49FD0A4A1DCD3DA800B3C285 /* Automation.app */ = {isa = PBXFileReference; explicitFileType = wrapper.application; includeInIndex = 0; path = Automation.app; sourceTree = BUILT_PRODUCTS_DIR; };
		49FD0A4D1DCD3DA800B3C285 /* AppDelegate.swift */ = {isa = PBXFileReference; lastKnownFileType = sourcecode.swift; path = AppDelegate.swift; sourceTree = "<group>"; };
		49FD0A4F1DCD3DA800B3C285 /* ViewController.swift */ = {isa = PBXFileReference; lastKnownFileType = sourcecode.swift; path = ViewController.swift; sourceTree = "<group>"; };
		49FD0A521DCD3DA800B3C285 /* Base */ = {isa = PBXFileReference; lastKnownFileType = file.storyboard; name = Base; path = Base.lproj/Main.storyboard; sourceTree = "<group>"; };
		49FD0A541DCD3DA800B3C285 /* Assets.xcassets */ = {isa = PBXFileReference; lastKnownFileType = folder.assetcatalog; path = Assets.xcassets; sourceTree = "<group>"; };
		49FD0A571DCD3DA800B3C285 /* Base */ = {isa = PBXFileReference; lastKnownFileType = file.storyboard; name = Base; path = Base.lproj/LaunchScreen.storyboard; sourceTree = "<group>"; };
		49FD0A591DCD3DA800B3C285 /* Info.plist */ = {isa = PBXFileReference; lastKnownFileType = text.plist.xml; path = Info.plist; sourceTree = "<group>"; };
/* End PBXFileReference section */

/* Begin PBXFrameworksBuildPhase section */
		49FD0A471DCD3DA800B3C285 /* Frameworks */ = {
			isa = PBXFrameworksBuildPhase;
			buildActionMask = 2147483647;
			files = (
			);
			runOnlyForDeploymentPostprocessing = 0;
		};
/* End PBXFrameworksBuildPhase section */

/* Begin PBXGroup section */
		49FD0A411DCD3DA800B3C285 = {
			isa = PBXGroup;
			children = (
				49FD0A4C1DCD3DA800B3C285 /* Automation */,
				49FD0A4B1DCD3DA800B3C285 /* Products */,
			);
			sourceTree = "<group>";
		};
		49FD0A4B1DCD3DA800B3C285 /* Products */ = {
			isa = PBXGroup;
			children = (
				49FD0A4A1DCD3DA800B3C285 /* Automation.app */,
			);
			name = Products;
			sourceTree = "<group>";
		};
		49FD0A4C1DCD3DA800B3C285 /* Automation */ = {
			isa = PBXGroup;
			children = (
				49FD0A4D1DCD3DA800B3C285 /* AppDelegate.swift */,
				49FD0A4F1DCD3DA800B3C285 /* ViewController.swift */,
				49FD0A511DCD3DA800B3C285 /* Main.storyboard */,
				49FD0A541DCD3DA800B3C285 /* Assets.xcassets */,
				49FD0A561DCD3DA800B3C285 /* LaunchScreen.storyboard */,
				49FD0A591DCD3DA800B3C285 /* Info.plist */,
			);
			path = Automation;
			sourceTree = "<group>";
		};
/* End PBXGroup section */

/* Begin PBXNativeTarget section */
		49FD0A491DCD3DA800B3C285 /* Automation */ = {
			isa = PBXNativeTarget;
			buildConfigurationList = 49FD0A5C1DCD3DA800B3C285 /* Build configuration list for PBXNativeTarget "Automation" */;
			buildPhases = (
				49FD0A461DCD3DA800B3C285 /* Sources */,
				49FD0A471DCD3DA800B3C285 /* Frameworks */,
				49FD0A481DCD3DA800B3C285 /* Resources */,
			);
			buildRules = (
			);
			dependencies = (
			);
			name = Automation;
			productName = Automation;
			productReference = 49FD0A4A1DCD3DA800B3C285 /* Automation.app */;
			productType = "com.apple.product-type.application";
		};
/* End PBXNativeTarget section */

/* Begin PBXProject section */
		49FD0A421DCD3DA800B3C285 /* Project object */ = {
			isa = PBXProject;
			attributes = {
				LastSwiftUpdateCheck = 0810;
				LastUpgradeCheck = 0810;
				ORGANIZATIONNAME = TeodorGarzdin;
				TargetAttributes = {
					49FD0A491DCD3DA800B3C285 = {
						CreatedOnToolsVersion = 8.1;
						DevelopmentTeam = 5TZ5UX6U2K;
						ProvisioningStyle = Automatic;
					};
				};
			};
			buildConfigurationList = 49FD0A451DCD3DA800B3C285 /* Build configuration list for PBXProject "Automation" */;
			compatibilityVersion = "Xcode 3.2";
			developmentRegion = English;
			hasScannedForEncodings = 0;
			knownRegions = (
				en,
				Base,
			);
			mainGroup = 49FD0A411DCD3DA800B3C285;
			productRefGroup = 49FD0A4B1DCD3DA800B3C285 /* Products */;
			projectDirPath = "";
			projectRoot = "";
			targets = (
				49FD0A491DCD3DA800B3C285 /* Automation */,
			);
		};
/* End PBXProject section */

/* Begin PBXResourcesBuildPhase section */
		49FD0A481DCD3DA800B3C285 /* Resources */ = {
			isa = PBXResourcesBuildPhase;
			buildActionMask = 2147483647;
			files = (
				49FD0A581DCD3DA800B3C285 /* LaunchScreen.storyboard in Resources */,
				49FD0A551DCD3DA800B3C285 /* Assets.xcassets in Resources */,
				49FD0A531DCD3DA800B3C285 /* Main.storyboard in Resources */,
			);
			runOnlyForDeploymentPostprocessing = 0;
		};
/* End PBXResourcesBuildPhase section */

/* Begin PBXSourcesBuildPhase section */
		49FD0A461DCD3DA800B3C285 /* Sources */ = {
			isa = PBXSourcesBuildPhase;
			buildActionMask = 2147483647;
			files = (
				49FD0A501DCD3DA800B3C285 /* ViewController.swift in Sources */,
				49FD0A4E1DCD3DA800B3C285 /* AppDelegate.swift in Sources */,
			);
			runOnlyForDeploymentPostprocessing = 0;
		};
/* End PBXSourcesBuildPhase section */

/* Begin PBXVariantGroup section */
		49FD0A511DCD3DA800B3C285 /* Main.storyboard */ = {
			isa = PBXVariantGroup;
			children = (
				49FD0A521DCD3DA800B3C285 /* Base */,
			);
			name = Main.storyboard;
			sourceTree = "<group>";
		};
		49FD0A561DCD3DA800B3C285 /* LaunchScreen.storyboard */ = {
			isa = PBXVariantGroup;
			children = (
				49FD0A571DCD3DA800B3C285 /* Base */,
			);
			name = LaunchScreen.storyboard;
			sourceTree = "<group>";
		};
/* End PBXVariantGroup section */

/* Begin XCBuildConfiguration section */
		49FD0A5A1DCD3DA800B3C285 /* Debug */ = {
			isa = XCBuildConfiguration;
			buildSettings = {
				ALWAYS_SEARCH_USER_PATHS = NO;
				CLANG_ANALYZER_NONNULL = YES;
				CLANG_CXX_LANGUAGE_STANDARD = "gnu++0x";
				CLANG_CXX_LIBRARY = "libc++";
				CLANG_ENABLE_MODULES = YES;
				CLANG_ENABLE_OBJC_ARC = YES;
				CLANG_WARN_BOOL_CONVERSION = YES;
				CLANG_WARN_CONSTANT_CONVERSION = YES;
				CLANG_WARN_DIRECT_OBJC_ISA_USAGE = YES_ERROR;
				CLANG_WARN_DOCUMENTATION_COMMENTS = YES;
				CLANG_WARN_EMPTY_BODY = YES;
				CLANG_WARN_ENUM_CONVERSION = YES;
				CLANG_WARN_INFINITE_RECURSION = YES;
				CLANG_WARN_INT_CONVERSION = YES;
				CLANG_WARN_OBJC_ROOT_CLASS = YES_ERROR;
				CLANG_WARN_SUSPICIOUS_MOVES = YES;
				CLANG_WARN_UNREACHABLE_CODE = YES;
				CLANG_WARN__DUPLICATE_METHOD_MATCH = YES;
				"CODE_SIGN_IDENTITY[sdk=iphoneos*]" = "iPhone Developer";
				COPY_PHASE_STRIP = NO;
				DEBUG_INFORMATION_FORMAT = dwarf;
				ENABLE_STRICT_OBJC_MSGSEND = YES;
				ENABLE_TESTABILITY = YES;
				GCC_C_LANGUAGE_STANDARD = gnu99;
				GCC_DYNAMIC_NO_PIC = NO;
				GCC_NO_COMMON_BLOCKS = YES;
				GCC_OPTIMIZATION_LEVEL = 0;
				GCC_PREPROCESSOR_DEFINITIONS = (
					"DEBUG=1",
					"$(inherited)",
				);
				GCC_WARN_64_TO_32_BIT_CONVERSION = YES;
				GCC_WARN_ABOUT_RETURN_TYPE = YES_ERROR;
				GCC_WARN_UNDECLARED_SELECTOR = YES;
				GCC_WARN_UNINITIALIZED_AUTOS = YES_AGGRESSIVE;
				GCC_WARN_UNUSED_FUNCTION = YES;
				GCC_WARN_UNUSED_VARIABLE = YES;
				IPHONEOS_DEPLOYMENT_TARGET = 10.1;
				MTL_ENABLE_DEBUG_INFO = YES;
				ONLY_ACTIVE_ARCH = YES;
				SDKROOT = iphoneos;
				SWIFT_ACTIVE_COMPILATION_CONDITIONS = DEBUG;
				SWIFT_OPTIMIZATION_LEVEL = "-Onone";
			};
			name = Debug;
		};
		49FD0A5B1DCD3DA800B3C285 /* Release */ = {
			isa = XCBuildConfiguration;
			buildSettings = {
				ALWAYS_SEARCH_USER_PATHS = NO;
				CLANG_ANALYZER_NONNULL = YES;
				CLANG_CXX_LANGUAGE_STANDARD = "gnu++0x";
				CLANG_CXX_LIBRARY = "libc++";
				CLANG_ENABLE_MODULES = YES;
				CLANG_ENABLE_OBJC_ARC = YES;
				CLANG_WARN_BOOL_CONVERSION = YES;
				CLANG_WARN_CONSTANT_CONVERSION = YES;
				CLANG_WARN_DIRECT_OBJC_ISA_USAGE = YES_ERROR;
				CLANG_WARN_DOCUMENTATION_COMMENTS = YES;
				CLANG_WARN_EMPTY_BODY = YES;
				CLANG_WARN_ENUM_CONVERSION = YES;
				CLANG_WARN_INFINITE_RECURSION = YES;
				CLANG_WARN_INT_CONVERSION = YES;
				CLANG_WARN_OBJC_ROOT_CLASS = YES_ERROR;
				CLANG_WARN_SUSPICIOUS_MOVES = YES;
				CLANG_WARN_UNREACHABLE_CODE = YES;
				CLANG_WARN__DUPLICATE_METHOD_MATCH = YES;
				"CODE_SIGN_IDENTITY[sdk=iphoneos*]" = "iPhone Developer";
				COPY_PHASE_STRIP = NO;
				DEBUG_INFORMATION_FORMAT = "dwarf-with-dsym";
				ENABLE_NS_ASSERTIONS = NO;
				ENABLE_STRICT_OBJC_MSGSEND = YES;
				GCC_C_LANGUAGE_STANDARD = gnu99;
				GCC_NO_COMMON_BLOCKS = YES;
				GCC_WARN_64_TO_32_BIT_CONVERSION = YES;
				GCC_WARN_ABOUT_RETURN_TYPE = YES_ERROR;
				GCC_WARN_UNDECLARED_SELECTOR = YES;
				GCC_WARN_UNINITIALIZED_AUTOS = YES_AGGRESSIVE;
				GCC_WARN_UNUSED_FUNCTION = YES;
				GCC_WARN_UNUSED_VARIABLE = YES;
				IPHONEOS_DEPLOYMENT_TARGET = 10.1;
				MTL_ENABLE_DEBUG_INFO = NO;
				SDKROOT = iphoneos;
				SWIFT_OPTIMIZATION_LEVEL = "-Owholemodule";
				VALIDATE_PRODUCT = YES;
			};
			name = Release;
		};
		49FD0A5D1DCD3DA800B3C285 /* Debug */ = {
			isa = XCBuildConfiguration;
			buildSettings = {
				ASSETCATALOG_COMPILER_APPICON_NAME = AppIcon;
				DEVELOPMENT_TEAM = 5TZ5UX6U2K;
				INFOPLIST_FILE = Automation/Info.plist;
				LD_RUNPATH_SEARCH_PATHS = "$(inherited) @executable_path/Frameworks";
				PRODUCT_BUNDLE_IDENTIFIER = com.teodorgarzdin.Automation;
				PRODUCT_NAME = "$(TARGET_NAME)";
				SWIFT_VERSION = 3.0;
			};
			name = Debug;
		};
		49FD0A5E1DCD3DA800B3C285 /* Release */ = {
			isa = XCBuildConfiguration;
			buildSettings = {
				ASSETCATALOG_COMPILER_APPICON_NAME = AppIcon;
				DEVELOPMENT_TEAM = 5TZ5UX6U2K;
				INFOPLIST_FILE = Automation/Info.plist;
				LD_RUNPATH_SEARCH_PATHS = "$(inherited) @executable_path/Frameworks";
				PRODUCT_BUNDLE_IDENTIFIER = com.teodorgarzdin.Automation;
				PRODUCT_NAME = "$(TARGET_NAME)";
				SWIFT_VERSION = 3.0;
			};
			name = Release;
		};
/* End XCBuildConfiguration section */

/* Begin XCConfigurationList section */
		49FD0A451DCD3DA800B3C285 /* Build configuration list for PBXProject "Automation" */ = {
			isa = XCConfigurationList;
			buildConfigurations = (
				49FD0A5A1DCD3DA800B3C285 /* Debug */,
				49FD0A5B1DCD3DA800B3C285 /* Release */,
			);
			defaultConfigurationIsVisible = 0;
			defaultConfigurationName = Release;
		};
		49FD0A5C1DCD3DA800B3C285 /* Build configuration list for PBXNativeTarget "Automation" */ = {
			isa = XCConfigurationList;
			buildConfigurations = (
				49FD0A5D1DCD3DA800B3C285 /* Debug */,
				49FD0A5E1DCD3DA800B3C285 /* Release */,
			);
			defaultConfigurationIsVisible = 0;
		};
/* End XCConfigurationList section */
	};
	rootObject = 49FD0A421DCD3DA800B3C285 /* Project object */;
}
